# This file is generated by running "yarn install" inside your project.
# Manual changes might be lost - proceed with caution!

__metadata:
  version: 4
  cacheKey: 7

"abab@npm:^2.0.3":
  version: 2.0.3
  resolution: "abab@npm:2.0.3"
  checksum: 07bd561e87dba729824956cdcd02b19f31e2ed91385e3b808ae9d9abae9b3a4394530d87453103da4bd36053dd456f9630e15c0b77b95a0f19449183d44a8ee9
  languageName: node
  linkType: hard

"abab@npm:^2.0.5":
  version: 2.0.5
  resolution: "abab@npm:2.0.5"
  checksum: a42b91bd9dd2451a3fc6996bc8953139904ff7b1a793719205041148da892337afc97ed0589ef2c44765c4da3d688eed145781db1623b611621d805294c367a3
  languageName: node
  linkType: hard

"accepts@npm:~1.3.7":
  version: 1.3.7
  resolution: "accepts@npm:1.3.7"
  dependencies:
    mime-types: ~2.1.24
    negotiator: 0.6.2
  checksum: 2686fa30dbc850db1bf458dc8171fba13c54ed6cb25f4298ec7c2f88b8dfc50351f25c40abe3a948e4ec7a0cc8ea83d1c55c2f73ffa612d18840a8778d4a2ee0
  languageName: node
  linkType: hard

"acorn-globals@npm:^6.0.0":
  version: 6.0.0
  resolution: "acorn-globals@npm:6.0.0"
  dependencies:
    acorn: ^7.1.1
    acorn-walk: ^7.1.1
  checksum: 078ed9bc354e95a30893efd260e2dc566dfc34d8e1d24a54b9ad59984bea53ff93cb1986a85b2b5e2b8e573cb00d34ad8767371b852941a1947f81c37c1be759
  languageName: node
  linkType: hard

"acorn-walk@npm:^7.1.1":
  version: 7.2.0
  resolution: "acorn-walk@npm:7.2.0"
  checksum: 7b52d5d6397f2d395ca878bdb0f56e583e69bc875521876d05fe2b6e293c21aca918b288c01bd18ac99b46b55a0f00a8d0e30fbdfb53c8e36e78ad1a65f73a4a
  languageName: node
  linkType: hard

"acorn@npm:^7.1.1":
  version: 7.3.1
  resolution: "acorn@npm:7.3.1"
  bin:
    acorn: bin/acorn
  checksum: 3fa70393843c3fd4af691f449563e983e064c5c3f655fd943f5f77fb767257623f8afc0a2454b0037aa0c4dd95374c75a9e0e6c54a5f497fc63e63449ad6327c
  languageName: node
  linkType: hard

"acorn@npm:^8.1.0":
  version: 8.1.0
  resolution: "acorn@npm:8.1.0"
  bin:
    acorn: bin/acorn
  checksum: 99ccf30832b00ff7e19dff353479fd303c5a82c4ae0a5c5904a6c03316658b89bbdca40f5d8473e6aedd988a404190abd7b431dbd3160df4c09a10398b84bf1c
  languageName: node
  linkType: hard

"ajv@npm:^6.5.5":
  version: 6.12.2
  resolution: "ajv@npm:6.12.2"
  dependencies:
    fast-deep-equal: ^3.1.1
    fast-json-stable-stringify: ^2.0.0
    json-schema-traverse: ^0.4.1
    uri-js: ^4.2.2
  checksum: 09f3d7992c4a6e554e65accab279878c2da2a7e3ca782032de51c7c91d80a43a3e2aeb26efb8e8950b3941a89882f21aaca1170dafada784a7a0f275b5e6e745
  languageName: node
  linkType: hard

"array-flatten@npm:1.1.1":
  version: 1.1.1
  resolution: "array-flatten@npm:1.1.1"
  checksum: de7a056451ff7891bb1bcda6ce2a50448ca70f63cd0fa7aa90430d288b6dc2931517b6853ce16c473a7f40fa6eaa874e20b6151616db93375471d1ffadfb1d3d
  languageName: node
  linkType: hard

"asn1@npm:~0.2.3":
  version: 0.2.4
  resolution: "asn1@npm:0.2.4"
  dependencies:
    safer-buffer: ~2.1.0
  checksum: 5743ace942e2faa0b72f3b14bf1826509c5ca707ea150c10520f52b04f90aa715cee4370ec2e6279ce1ceb7d3c472ca33270124e90b495bea4c9b02f41b9d8ac
  languageName: node
  linkType: hard

"assert-plus@npm:1.0.0, assert-plus@npm:^1.0.0":
  version: 1.0.0
  resolution: "assert-plus@npm:1.0.0"
  checksum: 1bda24f67343ccb75a7eee31179c92cf9f79bd6f6bc24101b0ce1495ef979376dd9b0f9b9064812bba564cdade5fbf851ed76b4a44b5e141d49cdaee6ffed6b2
  languageName: node
  linkType: hard

"asynckit@npm:^0.4.0":
  version: 0.4.0
  resolution: "asynckit@npm:0.4.0"
  checksum: a024000b9ddd938e2f27b3cb8188f96a5e1fff58185e98b84862fc4e01de279a547874a800340c2b106bb9de9b0fc61c6c683bc6892abf65e6be29a96addafd3
  languageName: node
  linkType: hard

"aws-sign2@npm:~0.7.0":
  version: 0.7.0
  resolution: "aws-sign2@npm:0.7.0"
  checksum: 7162b9b8fbd4cf451bd889b0ed27fc895f88e6a6cb5c5609de49759ea1a6e31646f86ca8e18d90bea0455c4caa466fc9692c1098a1784d2372a358cb68c1eea6
  languageName: node
  linkType: hard

"aws4@npm:^1.8.0":
  version: 1.10.0
  resolution: "aws4@npm:1.10.0"
  checksum: f8c20a0031a2ae88bb29a89d5e5f8139eb0cc8aa964d0a8d69a476a4b0f6cf3954e3dd40bd08cea69c95ee31e2e69226d82e804628261a2375223ac67582009d
  languageName: node
  linkType: hard

"axios-cookiejar-support@npm:^1.0.1":
  version: 1.0.1
  resolution: "axios-cookiejar-support@npm:1.0.1"
  dependencies:
    is-redirect: ^1.0.0
    pify: ^5.0.0
  peerDependencies:
    "@types/tough-cookie": ">=2.3.3"
    axios: ">=0.16.2"
    tough-cookie: ">=2.3.3"
  checksum: bad35af37be500b807c3e666a88a878c07006c8b5919fc9af396333a2723811c09c2af3ca043158c1f2aeb94ffe73e7ba68dc740b45d4b574bb6900a7d78a396
  languageName: node
  linkType: hard

"axios@npm:^0.21.1":
  version: 0.21.1
  resolution: "axios@npm:0.21.1"
  dependencies:
    follow-redirects: ^1.10.0
  checksum: 864fb7b5d077d236737f10adca53bf451a93f35a15271f56fba8da07265a02d26b7d881b935a6697dc6adb0549ea3e56d2eecb403edaa3bb78f6479901c10f69
  languageName: node
  linkType: hard

"bcrypt-pbkdf@npm:^1.0.0":
  version: 1.0.2
  resolution: "bcrypt-pbkdf@npm:1.0.2"
  dependencies:
    tweetnacl: ^0.14.3
  checksum: 3f57eb99bbc02352f68ff31e446997f4d21cc9a5e5286449dc1fe0116ec5dac5a4aa538967d45714fa9320312d2be8d16126f2d357da1dd40a3d546b96e097ed
  languageName: node
  linkType: hard

"body-parser@npm:1.19.0, body-parser@npm:^1.19.0":
  version: 1.19.0
  resolution: "body-parser@npm:1.19.0"
  dependencies:
    bytes: 3.1.0
    content-type: ~1.0.4
    debug: 2.6.9
    depd: ~1.1.2
    http-errors: 1.7.2
    iconv-lite: 0.4.24
    on-finished: ~2.3.0
    qs: 6.7.0
    raw-body: 2.4.0
    type-is: ~1.6.17
  checksum: 18c2a81df5eabc7e3541bc9ace394b88e6fbd390989b5e764ff34c3f9dbd097e19986c31baa9b855ec5c2cff2b79157449afb0cdfb97bb99c11d6239b2c47a34
  languageName: node
  linkType: hard

"browser-process-hrtime@npm:^1.0.0":
  version: 1.0.0
  resolution: "browser-process-hrtime@npm:1.0.0"
  checksum: 565847e5b0dc8c3762e545abb806ba886ed55de9b2c1479e382cf27e54f0af38ae3a1f81f3a98760403404419f65cbb20aff88d91cbee2b25e284bdebcc60a85
  languageName: node
  linkType: hard

"bytes@npm:3.1.0":
  version: 3.1.0
  resolution: "bytes@npm:3.1.0"
  checksum: c3f64645ef37922c8194fef88a052de2a28101882dfdf8a225493888c4941a26ea15164957e7492e5c5e3a8e98ee6276f4834efacb68e2d8ad4d91f903250b6c
  languageName: node
  linkType: hard

"call-bind@npm:^1.0.0":
  version: 1.0.2
  resolution: "call-bind@npm:1.0.2"
  dependencies:
    function-bind: ^1.1.1
    get-intrinsic: ^1.0.2
  checksum: 18cc6107a1f028247f2b505dae73ad1c63b737addfcd43ff75159f072c5c827300c1fb66f26ee0ec70fc2fdd005ce68d65c05a2a34b74bab08c3b1921954ada9
  languageName: node
  linkType: hard

"caseless@npm:~0.12.0":
  version: 0.12.0
  resolution: "caseless@npm:0.12.0"
  checksum: 147f48bff9bebf029d7050e2335da3f8d295f26d157edf08d8c3282c804dae04a462c4cd6efa8179755686aa3aeaca5c28f3e7f3559698bc0484c65e46c36c5b
  languageName: node
  linkType: hard

"combined-stream@npm:^1.0.6, combined-stream@npm:~1.0.6":
  version: 1.0.8
  resolution: "combined-stream@npm:1.0.8"
  dependencies:
    delayed-stream: ~1.0.0
  checksum: 5791ce7944530f0db74a97e77ea28b6fdbf89afcf038e41d6b4195019c4c803cd19ed2905a54959e5b3830d50bd5d6f93c681c6d3aaea8614ad43b48e62e9d65
  languageName: node
  linkType: hard

"content-disposition@npm:0.5.3":
  version: 0.5.3
  resolution: "content-disposition@npm:0.5.3"
  dependencies:
    safe-buffer: 5.1.2
  checksum: 8f1f235c0423be68023df7f5a3948601d859ce44ee94e1d0fa2a97383bd469e789320b6ddf6f31b3620605c75cf771522df11386f51aff401e5d51b6ccfde3e2
  languageName: node
  linkType: hard

"content-type@npm:~1.0.4":
  version: 1.0.4
  resolution: "content-type@npm:1.0.4"
  checksum: ff6e19cbf281c23d5608723a6dc60ac97e2280bd4d21602511283112321e6c1555895e395555e367672b54a0f1585276284b7c3c8be313aca73902ac2f2609fd
  languageName: node
  linkType: hard

"cookie-signature@npm:1.0.6":
  version: 1.0.6
  resolution: "cookie-signature@npm:1.0.6"
  checksum: 305054e102eebd0a483c63aefdc3abf54a9471bed5eb12be56c0dcf35a94110b8a13139b27751ab07a5ef09e9f4190ee67f71e9d3acf1748e6e2f1aed338c987
  languageName: node
  linkType: hard

"cookie@npm:0.4.0":
  version: 0.4.0
  resolution: "cookie@npm:0.4.0"
  checksum: 7aaef4b642c533600fdd001d963a507dfcd814267503374e51d9743475d024feeff8b0b4ddd0777a25791a2efbdfd8bc4a0fe0696104efa195e8f8584807d410
  languageName: node
  linkType: hard

"core-util-is@npm:1.0.2":
  version: 1.0.2
  resolution: "core-util-is@npm:1.0.2"
  checksum: 089015ee3c462dfceba70faa1df83b42a7bb35db26dae6af283247b06fe3216c65fccd9f00eebcaf98300dc31e981d56aae9f90b624f8f6ff1153e235ff88b65
  languageName: node
  linkType: hard

"cssom@npm:^0.4.4":
  version: 0.4.4
  resolution: "cssom@npm:0.4.4"
  checksum: db81cac44219b20d76b06f51d2614cead098478d1323b2df5e4b5d25bdc3f16d8474c3d45ae28f594a0933691c774fc2102837df66ccf375e280b0728ad53c5f
  languageName: node
  linkType: hard

"cssom@npm:~0.3.6":
  version: 0.3.8
  resolution: "cssom@npm:0.3.8"
  checksum: b7fb8b13aa2014a6c168c7644baa2f4d447a28b624544c87c8ef905bbec64ef247b3d167270f87e043acc6df30ea0f80e0da545a45187ff4006eb2c24988dfae
  languageName: node
  linkType: hard

"cssstyle@npm:^2.3.0":
  version: 2.3.0
  resolution: "cssstyle@npm:2.3.0"
  dependencies:
    cssom: ~0.3.6
  checksum: a778180d2f5eef44742b7083997a0ad6e59eee016724ceac4d6229e48842d3c5ebbb55dc02c555f793bdc486254f6eef8d2049c1815e8fc74514e3eb827d49ec
  languageName: node
  linkType: hard

"dashdash@npm:^1.12.0":
  version: 1.14.1
  resolution: "dashdash@npm:1.14.1"
  dependencies:
    assert-plus: ^1.0.0
  checksum: 5959409ee42dc4bdbf3fa384b801ece580ca336658bb0342ffab0099b3fc6bf9b3e239e1b82dcc4fcaeee315353e08f2eae47b0928a6a579391598c44958afa1
  languageName: node
  linkType: hard

"data-urls@npm:^2.0.0":
  version: 2.0.0
  resolution: "data-urls@npm:2.0.0"
  dependencies:
    abab: ^2.0.3
    whatwg-mimetype: ^2.3.0
    whatwg-url: ^8.0.0
  checksum: 42239927c6a202e2d02b7f41c94ca53e3cea036898b97b8bf6120ed1b25e0dd11c48ec7aa5c84cf807c2cb9f3a637df9fb50f3ca25a52863186a4ac46254726b
  languageName: node
  linkType: hard

"debug@npm:2.6.9":
  version: 2.6.9
  resolution: "debug@npm:2.6.9"
  dependencies:
    ms: 2.0.0
  checksum: 559f44f98cf25e2ee489022aec173afbff746564cb108c4493becb95bc3c017a67bdaa25a0ff64801fd32c35051d00af0e56cc7f762ae2c3bc089496e5a1c31b
  languageName: node
  linkType: hard

"decimal.js@npm:^10.2.1":
  version: 10.2.1
  resolution: "decimal.js@npm:10.2.1"
  checksum: ba28b27bb8aca6bbb73fbdb51d759961d9ff82218c4aa737b4f4826dee4244618a61c410201bb152950c4915e3d82a86211d1c2a4e23f805ee577574ba115e59
  languageName: node
  linkType: hard

"deep-is@npm:~0.1.3":
  version: 0.1.3
  resolution: "deep-is@npm:0.1.3"
  checksum: 3de58f86af4dec86c8be531a5abaf2e6d8ea98fa2f1d81a3a778d0d8df920ee282043a6ef05bfb4eb699c8551df9ac1b808d4dc71d54cc40ab1efa5ce8792943
  languageName: node
  linkType: hard

"delayed-stream@npm:~1.0.0":
  version: 1.0.0
  resolution: "delayed-stream@npm:1.0.0"
  checksum: d9dfb0a7c79fd308fada9db2cf29d1ff22047ceb50dd78f7e3c173567909b438f418259cb76a6d9c9f513e88ef41d3a14154f618741ec8368c3efeff616d0c9f
  languageName: node
  linkType: hard

"depd@npm:~1.1.2":
  version: 1.1.2
  resolution: "depd@npm:1.1.2"
  checksum: f45566ff7019a346852f095768a380778ed544de24e103b479fd5d3e61982d670efbb5234c09d0588d7fdb09c26c48283d7150e4be5e6ce5d3d37cd268d75c4d
  languageName: node
  linkType: hard

"destroy@npm:~1.0.4":
  version: 1.0.4
  resolution: "destroy@npm:1.0.4"
  checksum: 5a516fc5a8a8089eecdac11da2339353542be7a71102dc5a1372ef6161501bf5c1ee59ff9f8a3f5f14cc8c88594d606f855f816d46a228ee5e0e5cb2b543534b
  languageName: node
  linkType: hard

"domexception@npm:^2.0.1":
  version: 2.0.1
  resolution: "domexception@npm:2.0.1"
  dependencies:
    webidl-conversions: ^5.0.0
  checksum: bde9f50cb568a29b0c24ab50500ff23e9a2160394f04ae5fd9db91c4303a4f892fd9a42b07a0d52cdae11d8a348b4e907dd4343176c6f5a74f8be6ffde60bd95
  languageName: node
  linkType: hard

"ecc-jsbn@npm:~0.1.1":
  version: 0.1.2
  resolution: "ecc-jsbn@npm:0.1.2"
  dependencies:
    jsbn: ~0.1.0
    safer-buffer: ^2.1.0
  checksum: 5b4dd05f24b2b94c1bb882488dba2b878bb5b83182669aa71fbdf53c6941618180cb226c4eb9a3e2fa51ad11f87b5edb0a7d7289cdef468ba2e6024542f73f07
  languageName: node
  linkType: hard

"ee-first@npm:1.1.1":
  version: 1.1.1
  resolution: "ee-first@npm:1.1.1"
  checksum: ba74f91398e3ee3b6d665b2f0d13ad6530e89a7e64ec886a6eec0602fb8a5a274652960e21bd5d4b42fdeb9017d873ff872f50342d38779e955285977edb337c
  languageName: node
  linkType: hard

"encodeurl@npm:~1.0.2":
  version: 1.0.2
  resolution: "encodeurl@npm:1.0.2"
  checksum: 6ee5fcbcd245d2a2b6bd6fe36b80f91e31ab46e29192c50af00e8f860c0c2310ebbdaae40257878fdce90b42abcb3526895c7c3a2e229461ed1f0d0b5a020fc8
  languageName: node
  linkType: hard

"escape-html@npm:~1.0.3":
  version: 1.0.3
  resolution: "escape-html@npm:1.0.3"
  checksum: 900a7f2b80b9f89c85b7a303d1b7a4d354b93e328871414f165f13c5c209a80eab787e3a63429e596877def69fe4dcb3d1b55af655207a901a9ec99f7f148743
  languageName: node
  linkType: hard

"escodegen@npm:^2.0.0":
  version: 2.0.0
  resolution: "escodegen@npm:2.0.0"
  dependencies:
    esprima: ^4.0.1
    estraverse: ^5.2.0
    esutils: ^2.0.2
    optionator: ^0.8.1
    source-map: ~0.6.1
  dependenciesMeta:
    source-map:
      optional: true
  bin:
    escodegen: bin/escodegen.js
    esgenerate: bin/esgenerate.js
  checksum: c49da32cd173570f2076f0d52b80761b2a876dfea2046bfc8c5dc84f76b70105e35b2fed10fe0a8487df14674d46bc30245f3a27e8838601c3c85e68f693f363
  languageName: node
  linkType: hard

"esprima@npm:^4.0.1":
  version: 4.0.1
  resolution: "esprima@npm:4.0.1"
  bin:
    esparse: ./bin/esparse.js
    esvalidate: ./bin/esvalidate.js
  checksum: 5df45a3d9c95c36800d028ba76d8d4e04e199932b58c2939f462f859fd583e7d39b4a12d3f97986cf272a28a5fe5948ee6e49e36ef63f67b5b48d82a635c5081
  languageName: node
  linkType: hard

"estraverse@npm:^5.2.0":
  version: 5.2.0
  resolution: "estraverse@npm:5.2.0"
  checksum: 7dc1b027aebf937bab10c3254d9d73ed21672d7382518c9ddb9dc45560cb2f4e6548cc8ff1a07b7f431e94bd0fb0bf5da75b602e2473f966fea141c4c31b31d6
  languageName: node
  linkType: hard

"esutils@npm:^2.0.2":
  version: 2.0.3
  resolution: "esutils@npm:2.0.3"
  checksum: 590b04533177f8f6f0f352b3ac7da6c1c1e3d8375d8973972fba9c94558ca168685fd38319c3c6f4c37ba256df7494a7f15d8e761df1655af8a8f0027d988f8f
  languageName: node
  linkType: hard

"etag@npm:~1.8.1":
  version: 1.8.1
  resolution: "etag@npm:1.8.1"
  checksum: f18341a3c12a554ec46c0d4756bc9cae177e92f25a4ebd9ceefebf0ee448b675972fc110879f22b1bf514174713921ae5de9ff77af2062d422b1085588465a57
  languageName: node
  linkType: hard

"express@npm:^4.17.1":
  version: 4.17.1
  resolution: "express@npm:4.17.1"
  dependencies:
    accepts: ~1.3.7
    array-flatten: 1.1.1
    body-parser: 1.19.0
    content-disposition: 0.5.3
    content-type: ~1.0.4
    cookie: 0.4.0
    cookie-signature: 1.0.6
    debug: 2.6.9
    depd: ~1.1.2
    encodeurl: ~1.0.2
    escape-html: ~1.0.3
    etag: ~1.8.1
    finalhandler: ~1.1.2
    fresh: 0.5.2
    merge-descriptors: 1.0.1
    methods: ~1.1.2
    on-finished: ~2.3.0
    parseurl: ~1.3.3
    path-to-regexp: 0.1.7
    proxy-addr: ~2.0.5
    qs: 6.7.0
    range-parser: ~1.2.1
    safe-buffer: 5.1.2
    send: 0.17.1
    serve-static: 1.14.1
    setprototypeof: 1.1.1
    statuses: ~1.5.0
    type-is: ~1.6.18
    utils-merge: 1.0.1
    vary: ~1.1.2
  checksum: c4b470d623152c148e874b08d4afc35ea9498547c31a6ff6dae767ae11e3a59508a299732e9f45bfa2885685fbe2b75ca360862977798dfcec28ff2a4260eab2
  languageName: node
  linkType: hard

"extend@npm:~3.0.2":
  version: 3.0.2
  resolution: "extend@npm:3.0.2"
  checksum: 1406da1f0c4b00b839497e4cdd0ec4303ce2ae349144b7c28064a5073c93ce8c08da4e8fb1bc5cb459ffcdff30a35fc0fe54344eb88320e70100c1baea6f195c
  languageName: node
  linkType: hard

"extsprintf@npm:1.3.0, extsprintf@npm:^1.2.0":
  version: 1.3.0
  resolution: "extsprintf@npm:1.3.0"
  checksum: 892efd56aa9b27cbfbca42ad0c59308633f66000e71d1fb19c6989ea7309b32f3ff281778871bd2ce9bc7f3ad02515aa2783cea0323d0f6ff840b7c6a6a4603e
  languageName: node
  linkType: hard

"fast-deep-equal@npm:^3.1.1":
  version: 3.1.3
  resolution: "fast-deep-equal@npm:3.1.3"
  checksum: 451526766b219503131d11e823eaadd1533080b0be4860e316670b039dcaf31cd1007c2fe036a9b922abba7c040dfad5e942ed79d21f2ff849e50049f36e0fb7
  languageName: node
  linkType: hard

"fast-json-stable-stringify@npm:^2.0.0":
  version: 2.1.0
  resolution: "fast-json-stable-stringify@npm:2.1.0"
  checksum: 7df3fabfe445d65953b2d9d9d3958bd895438b215a40fb87dae8b2165c5169a897785eb5d51e6cf0eb03523af756e3d82ea01083f6ac6341fe16db532fee3016
  languageName: node
  linkType: hard

"fast-levenshtein@npm:~2.0.6":
  version: 2.0.6
  resolution: "fast-levenshtein@npm:2.0.6"
  checksum: a2d03af3088b0397633e007fb3010ecfa4f91cae2116d2385653c59396a1b31467641afa672a79e6f82218518670dc144128378124e711e35dbf90bc82846f22
  languageName: node
  linkType: hard

"finalhandler@npm:~1.1.2":
  version: 1.1.2
  resolution: "finalhandler@npm:1.1.2"
  dependencies:
    debug: 2.6.9
    encodeurl: ~1.0.2
    escape-html: ~1.0.3
    on-finished: ~2.3.0
    parseurl: ~1.3.3
    statuses: ~1.5.0
    unpipe: ~1.0.0
  checksum: f2e5b6bfe2201f13e74408530a7f354b7846ab3e648b3dde4f8ed3b773c8a743c16b0f378cb5113df7fef84c5be364bb1a3655f0a75571f163c982289fbd9671
  languageName: node
  linkType: hard

"follow-redirects@npm:^1.10.0":
  version: 1.13.0
  resolution: "follow-redirects@npm:1.13.0"
  checksum: f220828d3f153da30ea616fdbe9f6676e74e4e68c51d336a751037c1d556e2de34aa5918f58951fa19bb6517c9c88b4403a0a8bdfc40d3e779d37def2ac0f2c4
  languageName: node
  linkType: hard

"forever-agent@npm:~0.6.1":
  version: 0.6.1
  resolution: "forever-agent@npm:0.6.1"
  checksum: 9cc0054dd4ea5fc26e014b8c929d1fb9247e931e81165cbd965a712061d65fb84791b2124f64cd79492e516662b94068d29fe1d824732382237321b3f61955fe
  languageName: node
  linkType: hard

"form-data@npm:~2.3.2":
  version: 2.3.3
  resolution: "form-data@npm:2.3.3"
  dependencies:
    asynckit: ^0.4.0
    combined-stream: ^1.0.6
    mime-types: ^2.1.12
  checksum: 862e686b105634222db77138d5f5ae08ba85f88c04925de5be86b2b9d03cf671d86566ad10f1dd5217634c0f1634069dfc1a663a1cc13e8fbac0ce8f670ad070
  languageName: node
  linkType: hard

"forwarded@npm:~0.1.2":
  version: 0.1.2
  resolution: "forwarded@npm:0.1.2"
  checksum: 568d862ad1c514813fc62dc1bd58b8669b16d4ee2e634a6fc71f4849df798883ab94e63d8e1b35a17af51b2b39ca869e672c7310efe42fc7b9bad43a80b5ff87
  languageName: node
  linkType: hard

"fresh@npm:0.5.2":
  version: 0.5.2
  resolution: "fresh@npm:0.5.2"
  checksum: 2f76c8505d1ea5a6d5accea3e7aff0b796bfa43364c84929254f33909fa08640948bd1728220d1ff5f4c2b378a65e97da647f2fe0f2b7ddb44001f6e0dc2e91f
  languageName: node
  linkType: hard

"function-bind@npm:^1.1.1":
  version: 1.1.1
  resolution: "function-bind@npm:1.1.1"
  checksum: ffad86e7d2010ba179aaa6a3987d2cc0ed48fa92d27f1ed84bfa06d14f77deeed5bfbae7f00bdebc0c54218392cab2b18ecc080e2c72f592431927b87a27d42b
  languageName: node
  linkType: hard

"get-intrinsic@npm:^1.0.2":
  version: 1.1.1
  resolution: "get-intrinsic@npm:1.1.1"
  dependencies:
    function-bind: ^1.1.1
    has: ^1.0.3
    has-symbols: ^1.0.1
  checksum: acf1506f25a32a194cfc5c19d33835756080d970eb6e29a8a3852380106df981acef7bb9ac2002689437235221f24bcbdc1e3532b9bcacd7ff3621091fafe607
  languageName: node
  linkType: hard

"getpass@npm:^0.1.1":
  version: 0.1.7
  resolution: "getpass@npm:0.1.7"
  dependencies:
    assert-plus: ^1.0.0
  checksum: 2650725bc6939616da8432e5351ca87d8b29421bb8dc19c21bad2c37cd337d2a50d36fcc398ce0c16a075f6079afe114131780dca7e2f4b96063e53e7d28fd7a
  languageName: node
  linkType: hard

"har-schema@npm:^2.0.0":
  version: 2.0.0
  resolution: "har-schema@npm:2.0.0"
  checksum: e27ac33a968b8a3b2cc32e53afaec8aa795d08b058ef9b09b3bbce74db7ecadcabf60a6186e3bb901335d2c72bbf9e2af59429d736b5e80dc0edf18b3e1c5860
  languageName: node
  linkType: hard

"har-validator@npm:~5.1.3":
  version: 5.1.3
  resolution: "har-validator@npm:5.1.3"
  dependencies:
    ajv: ^6.5.5
    har-schema: ^2.0.0
  checksum: 64cb2294c1eceba077280e31d7059e54a99aca442ade03b7e14af3d715f7f1c01c6e1a6df21252b0aff9bea7b06fc10539bb99ebe1acf46321e97f197bbb932b
  languageName: node
  linkType: hard

"has-symbols@npm:^1.0.1":
  version: 1.0.2
  resolution: "has-symbols@npm:1.0.2"
  checksum: 1b73928752fa9ca993fa48f7b3832c95ea408c0ec635b2d6cbaf011b94a7e6a704a9254ae6d8ecc913d4dd92f2ff760dc43aad7c7e790ddb3f627005614d8e28
  languageName: node
  linkType: hard

"has@npm:^1.0.3":
  version: 1.0.3
  resolution: "has@npm:1.0.3"
  dependencies:
    function-bind: ^1.1.1
  checksum: c686e15300d41364486c099a9259d9c418022c294244843dcd712c4c286ff839d4f23a25413baa28c4d2c1e828afc2aaab70f685400b391533980223c71fa1ca
  languageName: node
  linkType: hard

"html-encoding-sniffer@npm:^2.0.1":
  version: 2.0.1
  resolution: "html-encoding-sniffer@npm:2.0.1"
  dependencies:
    whatwg-encoding: ^1.0.5
  checksum: 6f49e83a2e9225ba92c4586701cd21c0cf26c4c1f1a5f330a911c90a792649cc47b5bb3e67e78ba23dfa6b5b9c70af34231f44729b173d52b4ba305467b39042
  languageName: node
  linkType: hard

"http-errors@npm:1.7.2":
  version: 1.7.2
  resolution: "http-errors@npm:1.7.2"
  dependencies:
    depd: ~1.1.2
    inherits: 2.0.3
    setprototypeof: 1.1.1
    statuses: ">= 1.5.0 < 2"
    toidentifier: 1.0.0
  checksum: 8ce4a4af05a3652c81768a2754ced24b86ff62e7bee147a27b6ef8cde24e7a48f9fbfcb87ec6f67781879b95f1b35d3f8d6378e8555eb7d469ce875f4e184418
  languageName: node
  linkType: hard

"http-errors@npm:~1.7.2":
  version: 1.7.3
  resolution: "http-errors@npm:1.7.3"
  dependencies:
    depd: ~1.1.2
    inherits: 2.0.4
    setprototypeof: 1.1.1
    statuses: ">= 1.5.0 < 2"
    toidentifier: 1.0.0
  checksum: 563ae4a3f19c89029212922bade6ffcd0e4b7fa52e539f08c8f6941de7eaccb00bf76cb7692662192f2f0d567d4ac1f9d6a3d0ee70b166c8540cf791497f90ea
  languageName: node
  linkType: hard

"http-signature@npm:~1.2.0":
  version: 1.2.0
  resolution: "http-signature@npm:1.2.0"
  dependencies:
    assert-plus: ^1.0.0
    jsprim: ^1.2.2
    sshpk: ^1.7.0
  checksum: d28227eed37cb0dae0e76c46b2a5e611c678808433e5642238f17dba7f2c9c8f8d1646122d57ec1a110ecc7e8b9f5b7aa0462f1e2a5fa3b41f2fca5a69af7edf
  languageName: node
  linkType: hard

"iconv-lite@npm:0.4.24":
  version: 0.4.24
  resolution: "iconv-lite@npm:0.4.24"
  dependencies:
    safer-buffer: ">= 2.1.2 < 3"
  checksum: a9b9521066ee81853a8561e92bd7240bc5d3b7d5ef7da807a475e7858b0246e318b6af518c30a20a8749ef5eafeaa9631079446e4e696c7b60f468b34dc2cbfc
  languageName: node
  linkType: hard

"inherits@npm:2.0.3":
  version: 2.0.3
  resolution: "inherits@npm:2.0.3"
  checksum: 9488f9433effbc24474f6baee8014e5337c7f99305ecb4204fa5864ae7655c24225780d87fc65ed8d3d374715a18c5dc8c69fe3bf9745cde2e7acd0ac068a07b
  languageName: node
  linkType: hard

"inherits@npm:2.0.4":
  version: 2.0.4
  resolution: "inherits@npm:2.0.4"
  checksum: 98426da247ddfc3dcd7d7daedd90c3ca32d5b08deca08949726f12d49232aef94772a07b36cf4ff833e105ae2ef931777f6de4a6dd8245a216b9299ad4a50bea
  languageName: node
  linkType: hard

"ipaddr.js@npm:1.9.1":
  version: 1.9.1
  resolution: "ipaddr.js@npm:1.9.1"
  checksum: de15bc7e63973d960abc43c9fbbf19589c726774f59d157d1b29382a1e86ae87c68cbd8b5c78a1712a87fc4fcd91e10762c7671950c66a1a19040ff4fd2f9c9b
  languageName: node
  linkType: hard

"is-potential-custom-element-name@npm:^1.0.0":
  version: 1.0.0
  resolution: "is-potential-custom-element-name@npm:1.0.0"
  checksum: 55b1ae44cf9241ea5b08414318d12a4d2eb157cb5722908fc7ef268c6d175894cb59d298092a87f9ed54af5b60fc572fa7f6b34b8633120dbe6edaa6c5169d0b
  languageName: node
  linkType: hard

"is-redirect@npm:^1.0.0":
  version: 1.0.0
  resolution: "is-redirect@npm:1.0.0"
  checksum: 24c2aef7dbc710f7ec4534c6ba617b62d938cfcdf366db319563ff32cf9d6a20047b0fd44dfb018f389e60d76ff96f4801ae39ddbde2ad124d2a51330760b605
  languageName: node
  linkType: hard

"is-typedarray@npm:~1.0.0":
  version: 1.0.0
  resolution: "is-typedarray@npm:1.0.0"
  checksum: 4e21156e7360a5916eded35c5938adf6278299a8055640864eebb251e4351cd605beccddf9af27477e19f753d453412fe0c21379bb54b55cfdf5add263076959
  languageName: node
  linkType: hard

"isstream@npm:~0.1.2":
  version: 0.1.2
  resolution: "isstream@npm:0.1.2"
  checksum: 8e6e5c4cf1823562db7035d2e7bac388412060fe9bc6727eca8c608def5aa57709165c51c2e68a2fce6ff0b64d79489501b84715060c5e8a477b87b6cbcd1eca
  languageName: node
  linkType: hard

"jsbn@npm:~0.1.0":
  version: 0.1.1
  resolution: "jsbn@npm:0.1.1"
  checksum: b530d48a64e6aff9523407856a54c5b9beee30f34a410612057f4fa097d90072fc8403c49604dacf0c3e7620dca43c2b7f0de3f954af611e43716a254c46f6f5
  languageName: node
  linkType: hard

"jsdom@npm:^16.5.3":
  version: 16.5.3
  resolution: "jsdom@npm:16.5.3"
  dependencies:
    abab: ^2.0.5
    acorn: ^8.1.0
    acorn-globals: ^6.0.0
    cssom: ^0.4.4
    cssstyle: ^2.3.0
    data-urls: ^2.0.0
    decimal.js: ^10.2.1
    domexception: ^2.0.1
    escodegen: ^2.0.0
    html-encoding-sniffer: ^2.0.1
    is-potential-custom-element-name: ^1.0.0
    nwsapi: ^2.2.0
    parse5: 6.0.1
    request: ^2.88.2
    request-promise-native: ^1.0.9
    saxes: ^5.0.1
    symbol-tree: ^3.2.4
    tough-cookie: ^4.0.0
    w3c-hr-time: ^1.0.2
    w3c-xmlserializer: ^2.0.0
    webidl-conversions: ^6.1.0
    whatwg-encoding: ^1.0.5
    whatwg-mimetype: ^2.3.0
    whatwg-url: ^8.5.0
    ws: ^7.4.4
    xml-name-validator: ^3.0.0
  peerDependencies:
    canvas: ^2.5.0
  peerDependenciesMeta:
    canvas:
      optional: true
  checksum: 02f6e3b5bb6c75f70b256f9fb522ce67cdf035c8e073a61f152876570d29453f164a4f1ea38a62e419511f81f6f75ced793e6332b66a647dc8012daacff27b8e
  languageName: node
  linkType: hard

"json-schema-traverse@npm:^0.4.1":
  version: 0.4.1
  resolution: "json-schema-traverse@npm:0.4.1"
  checksum: 6f71bddba38aa043cf9c05ff9cf37158a6657909f1dd37032ba164b76923da47a17bb4592ee4f7f9c029dfaf26965b821ac214c1f991bb3bd038c9cfea2da50b
  languageName: node
  linkType: hard

"json-schema@npm:0.2.3":
  version: 0.2.3
  resolution: "json-schema@npm:0.2.3"
  checksum: d382ea841f0af5cf6ae3b63043c6ddbd144086de52342b5dd32d8966872dce1e0ed280f6b27c5fba97e50cf8640f27b593e039cb95df365718ada03ef0feb9f2
  languageName: node
  linkType: hard

"json-stringify-safe@npm:~5.0.1":
  version: 5.0.1
  resolution: "json-stringify-safe@npm:5.0.1"
  checksum: 261dfb8eb3e72c8b0dda11fd7c20c151ffc1d1b03e529245d51708c8dd8d8c6a225880464adf41a570dff6e5c805fd9d1f47fed948cfb526e4fbe5a67ce4e5f4
  languageName: node
  linkType: hard

"jsprim@npm:^1.2.2":
  version: 1.4.1
  resolution: "jsprim@npm:1.4.1"
  dependencies:
    assert-plus: 1.0.0
    extsprintf: 1.3.0
    json-schema: 0.2.3
    verror: 1.10.0
  checksum: ee0177b7ef39e6becf18c586d31fabe15d62be88e7867d3aff86466e4a3de9a2cd47b6e597417aebc1cd3c2d43bc662e79ab5eecdadf3ce0643e909432ed6d2c
  languageName: node
  linkType: hard

"levn@npm:~0.3.0":
  version: 0.3.0
  resolution: "levn@npm:0.3.0"
  dependencies:
    prelude-ls: ~1.1.2
    type-check: ~0.3.2
  checksum: 775861da38dcb7e5f1de5bea2a1c7ffaede6e9e8632cfbac76be145ecb295370f46bb41307613c283d66f1fee5d8cc448ca3323c4a02d0fb1e913b2f78de2abb
  languageName: node
  linkType: hard

"lodash.sortby@npm:^4.7.0":
  version: 4.7.0
  resolution: "lodash.sortby@npm:4.7.0"
  checksum: 43cde11276c66da7b3eda5e9f00dc6edc276d2bcf0a5969ffc62b612cd1c4baf2eff5e84cee11383005722c460a9ca0f521fad4fa1cd2dc1ef013ee4da2dfe63
  languageName: node
  linkType: hard

"lodash@npm:^4.17.19, lodash@npm:^4.7.0":
  version: 4.17.21
  resolution: "lodash@npm:4.17.21"
  checksum: 4983720b9abca930a4a46f18db163d7dad8dd00dbed6db0cc7b499b33b717cce69f80928b27bbb1ff2cbd3b19d251ee90669a8b5ea466072ca81c2ebe91e7468
  languageName: node
  linkType: hard

"login_cbis@workspace:.":
  version: 0.0.0-use.local
  resolution: "login_cbis@workspace:."
  dependencies:
    axios: ^0.21.1
    axios-cookiejar-support: ^1.0.1
    body-parser: ^1.19.0
    express: ^4.17.1
    jsdom: ^16.5.3
    qs: ^6.10.1
    tough-cookie: ^4.0.0
  languageName: unknown
  linkType: soft

"media-typer@npm:0.3.0":
  version: 0.3.0
  resolution: "media-typer@npm:0.3.0"
  checksum: be1c825782df7f38eebd451d778f6407bb15a59c8807a69e7f2ad74a25440e474536441c6bf583fdf2803ea23b866e91ff68f565cda297211dd89147758c8df3
  languageName: node
  linkType: hard

"merge-descriptors@npm:1.0.1":
  version: 1.0.1
  resolution: "merge-descriptors@npm:1.0.1"
  checksum: 2d2a09eaac840a7ceac7a13b44b7c8abf3ecccd93a609c3525d8290cb5d814336cc7c0b1dd485ae3bc471ed354eeefb153475ce2e1604ccdf79eebe74021c192
  languageName: node
  linkType: hard

"methods@npm:~1.1.2":
  version: 1.1.2
  resolution: "methods@npm:1.1.2"
  checksum: 450e4ea0fd4a0f3de8c0593d753c7d6c8f2ee49766f5ef35c68cc2ac41699d5e295b7d6330fc2b7271b8569a07857e3eb0b5df0599a353c5808265b4b5066168
  languageName: node
  linkType: hard

"mime-db@npm:1.44.0":
  version: 1.44.0
  resolution: "mime-db@npm:1.44.0"
  checksum: b4e3b2141418572fba9786f7e36324faef15e23032ad0871f56760cb304ee721ba4c8cc795d3c1cac69a2a8b94045c1d6b08c4a8d1ef6ba1226a3a5193915c57
  languageName: node
  linkType: hard

"mime-types@npm:^2.1.12, mime-types@npm:~2.1.19, mime-types@npm:~2.1.24":
  version: 2.1.27
  resolution: "mime-types@npm:2.1.27"
  dependencies:
    mime-db: 1.44.0
  checksum: 51fe2f2c08c10ac7a2f67e2ce5de30f6500faa88d095418a1ab6e90e30960db7c682a8ecce60d3d4e293ac52c4700ca99399833db998ea9ec83d6f0503b70a94
  languageName: node
  linkType: hard

"mime@npm:1.6.0":
  version: 1.6.0
  resolution: "mime@npm:1.6.0"
  bin:
    mime: cli.js
  checksum: d540c24dd3e3a9e25e813714e55ff2f7841a3a1a47aed9786c508bd0251653d5e9abbfb1163c0c6e1be99f872d7fa1538c068bd6e306e9cb12dd9affa841a61e
  languageName: node
  linkType: hard

"ms@npm:2.0.0":
  version: 2.0.0
  resolution: "ms@npm:2.0.0"
  checksum: 1a230340cc7f322fbe916783d8c8d60455407c6b7fb7f901d6ee34eb272402302c5c7f070a97b8531245cbb4ca6a0a623f6a128d7e5a5440cefa2c669c0b35bb
  languageName: node
  linkType: hard

"ms@npm:2.1.1":
  version: 2.1.1
  resolution: "ms@npm:2.1.1"
  checksum: 81ad38c74df2473ce9fbed8bb71a00220c3d9e237ebd576306c9f6ca3221b251d602c7d199808944be1a3d7cda5883e72c77adb473734ba30f6e032165e05ebc
  languageName: node
  linkType: hard

"negotiator@npm:0.6.2":
  version: 0.6.2
  resolution: "negotiator@npm:0.6.2"
  checksum: 4b230bd15f0862d16c54ce0243fcfcf835ad59c8e58c467b4504dd28c9868cff71ff485b02cc575dc69dca819b58a1fadc9fb28403f45721f38a8fffde007d54
  languageName: node
  linkType: hard

"nwsapi@npm:^2.2.0":
  version: 2.2.0
  resolution: "nwsapi@npm:2.2.0"
  checksum: fb0f05113a829296f964688503d991b136d02d153769288d12226a4d52e17b50c073eceeee0ff1e8377ca8e86c244e1f9b849c9eed7fca97a03aa8a59f074c06
  languageName: node
  linkType: hard

"oauth-sign@npm:~0.9.0":
  version: 0.9.0
  resolution: "oauth-sign@npm:0.9.0"
  checksum: af1ab60297c3a687d1d2de5c43c6453c4df6939de3e6114ada4a486ac51fa7ab1769f33000b94c0e8ffced5ae4c57c4f5d36b517792d83e9e9742578a728682e
  languageName: node
  linkType: hard

"object-inspect@npm:^1.9.0":
  version: 1.9.0
  resolution: "object-inspect@npm:1.9.0"
  checksum: 63b412167d716e332b3233090a9e8cc7951479a6971629fb8a3d00135a2329136c697fbd2f56e48bb132928f01bd0f8c5fe2d7386222f217228ca697b8c3932a
  languageName: node
  linkType: hard

"on-finished@npm:~2.3.0":
  version: 2.3.0
  resolution: "on-finished@npm:2.3.0"
  dependencies:
    ee-first: 1.1.1
  checksum: 362e64608287d31ffd96a15fb9305a410b3e4d07c86f277fae907e38af46bc6f5ff948de90eabb81dc5632ca7f9a290085acc5410c378053dfa9860451d97ee5
  languageName: node
  linkType: hard

"optionator@npm:^0.8.1":
  version: 0.8.3
  resolution: "optionator@npm:0.8.3"
  dependencies:
    deep-is: ~0.1.3
    fast-levenshtein: ~2.0.6
    levn: ~0.3.0
    prelude-ls: ~1.1.2
    type-check: ~0.3.2
    word-wrap: ~1.2.3
  checksum: a5cdced2c92d2bf2b2338b7e29b871eb97987424f7b50d5446853f709f53c855714465ee4bf1842fed2a175445d78cd44376a16666e38ef90ebf4670173d98b8
  languageName: node
  linkType: hard

"parse5@npm:6.0.1":
  version: 6.0.1
  resolution: "parse5@npm:6.0.1"
  checksum: e312014edd76a6dc2eac35248ad53477b2594a7b92b7a00f66169483bb87c3d1d36660daddeb720457418dfe0893eb3ad1043085047fc3699167afa6834cb4c4
  languageName: node
  linkType: hard

"parseurl@npm:~1.3.3":
  version: 1.3.3
  resolution: "parseurl@npm:1.3.3"
  checksum: 52c9e86cb58e38b28f1a50a6354d16648974ab7a2b91b209f97102840471de8adf524427774af6d5bc482fb7c0a6af6ba08ab37de9a1a7ae389ebe074015914b
  languageName: node
  linkType: hard

"path-to-regexp@npm:0.1.7":
  version: 0.1.7
  resolution: "path-to-regexp@npm:0.1.7"
  checksum: 342fdb0ca48415d6eccdbe6d4180fd0fa4786ccc96ab3f74fcdf7acfc99e075af25e6077c8086c341dcfb4f5f84401ecd21e6cd7b24e0c3b556fb7ffb2570da7
  languageName: node
  linkType: hard

"performance-now@npm:^2.1.0":
  version: 2.1.0
  resolution: "performance-now@npm:2.1.0"
  checksum: bb4ebed0b03d6c3ad3ae4eddd1182c895d385cff9096af441c19c130aaae3ea70229438ebc3297dfc52c86022f6becf177a810050823d01bf5280779cd2de624
  languageName: node
  linkType: hard

"pify@npm:^5.0.0":
  version: 5.0.0
  resolution: "pify@npm:5.0.0"
  checksum: 4c28d29597a49bbf320c0c6526fac7858d53b8398a46bfa6ed1a120a922773c7ef50bea166e27952bbc476bce1c72cf3e7d648462ac82e704e62431bdec95cec
  languageName: node
  linkType: hard

"prelude-ls@npm:~1.1.2":
  version: 1.1.2
  resolution: "prelude-ls@npm:1.1.2"
  checksum: 189c969c92151b0de7a6e5d2ae0c4e50bbec5675cdd9fee3b7509d9d74b6416787ee36a8c12a07e8afb01454a8185b695b3395912484fa118e071fea45223b9b
  languageName: node
  linkType: hard

"proxy-addr@npm:~2.0.5":
  version: 2.0.6
  resolution: "proxy-addr@npm:2.0.6"
  dependencies:
    forwarded: ~0.1.2
    ipaddr.js: 1.9.1
  checksum: a7dcfd70258cdc3b73c5dc4a35c73db9857f3bf4cf5e6404380e8ea558f8c5569147e721a01195d00b450e36b4dde727fc9d22fdea14310ba38faa595530cd58
  languageName: node
  linkType: hard

"psl@npm:^1.1.28, psl@npm:^1.1.33":
  version: 1.8.0
  resolution: "psl@npm:1.8.0"
  checksum: 92d47c6257456878bfa8190d76b84de69bcefdc129eeee3f9fe204c15fd08d35fe5b8627033f39b455e40a9375a1474b25ff4ab2c5448dd8c8f75da692d0f5b4
  languageName: node
  linkType: hard

"punycode@npm:^2.1.0, punycode@npm:^2.1.1":
  version: 2.1.1
  resolution: "punycode@npm:2.1.1"
  checksum: 0202dc191cb35bfd88870ac99a1e824b03486d4cee20b543ef337a6dee8d8b11017da32a3e4c40b69b19976e982c030b62bd72bba42884acb691bc5ef91354c8
  languageName: node
  linkType: hard

"qs@npm:6.7.0":
  version: 6.7.0
  resolution: "qs@npm:6.7.0"
  checksum: 8590470436ff0a75ae35e6b45fd7260e2beb537ff8ec1104f9703a349b09ce1aa27e8e1c06b9ad25ac62fc098e12cc65df93042a233128a0276ccd6de4c7819a
  languageName: node
  linkType: hard

"qs@npm:^6.10.1":
  version: 6.10.1
  resolution: "qs@npm:6.10.1"
  dependencies:
    side-channel: ^1.0.4
  checksum: 25e50a9107322027a998ba4eacec3df4b575c4f0a02cf0602002242d09ac997ab783384b6e90d6264a4d8387de3d17fb177d9c304a0dd9ec706a3087a069b204
  languageName: node
  linkType: hard

"qs@npm:~6.5.2":
  version: 6.5.2
  resolution: "qs@npm:6.5.2"
  checksum: fa0410eff2c05ce3328e11f82db4015e7819c986ee056d6b62b06ae112f4929af09ea3b879ca168ff9f0338f50972bba487ad0e46c879e42bfaf63c3c2ea7f09
  languageName: node
  linkType: hard

"range-parser@npm:~1.2.1":
  version: 1.2.1
  resolution: "range-parser@npm:1.2.1"
  checksum: 05074f5b23dbdc24acdae9821dd684fbc9c0d770cdaa4469ab529d8e0fc1338aa33561a4c7c14a1f9bdcb3b5e9a3770e5a80318258a72289a7ef05fcda72a707
  languageName: node
  linkType: hard

"raw-body@npm:2.4.0":
  version: 2.4.0
  resolution: "raw-body@npm:2.4.0"
  dependencies:
    bytes: 3.1.0
    http-errors: 1.7.2
    iconv-lite: 0.4.24
    unpipe: 1.0.0
  checksum: 46dc02f8b4f358786d41e18fb55533fbe4702d390e22bbe2b9c98c88dec41cab23ea2315f3ae0bf4bc0213a2872c89943d3df6857f4e21f996ea9d2d92f1bcaa
  languageName: node
  linkType: hard

"request-promise-core@npm:1.1.4":
  version: 1.1.4
  resolution: "request-promise-core@npm:1.1.4"
  dependencies:
    lodash: ^4.17.19
  peerDependencies:
    request: ^2.34
  checksum: 7c9c90bf00158f6669e7167425cd113edadaca44b5aebc7c6a7969d9f50d93bfae8275038bdf6389b4e94f1cacacca7e5830d28701692818bdfba353eeb2ddfd
  languageName: node
  linkType: hard

"request-promise-native@npm:^1.0.9":
  version: 1.0.9
  resolution: "request-promise-native@npm:1.0.9"
  dependencies:
    request-promise-core: 1.1.4
    stealthy-require: ^1.1.1
    tough-cookie: ^2.3.3
  peerDependencies:
    request: ^2.34
  checksum: 532570f00559f826ad372d36a152c3cf1aa184d0876b04ed7c18a9fa391fa2108978eca837ae1fb681d2dab63bd6c74c6660022b82ecdb2682d77859314d0b6e
  languageName: node
  linkType: hard

"request@npm:^2.88.2":
  version: 2.88.2
  resolution: "request@npm:2.88.2"
  dependencies:
    aws-sign2: ~0.7.0
    aws4: ^1.8.0
    caseless: ~0.12.0
    combined-stream: ~1.0.6
    extend: ~3.0.2
    forever-agent: ~0.6.1
    form-data: ~2.3.2
    har-validator: ~5.1.3
    http-signature: ~1.2.0
    is-typedarray: ~1.0.0
    isstream: ~0.1.2
    json-stringify-safe: ~5.0.1
    mime-types: ~2.1.19
    oauth-sign: ~0.9.0
    performance-now: ^2.1.0
    qs: ~6.5.2
    safe-buffer: ^5.1.2
    tough-cookie: ~2.5.0
    tunnel-agent: ^0.6.0
    uuid: ^3.3.2
  checksum: 7a74841f3024cac21d8c3cca7f7f2e4243fbd62464d2f291fddb94008a9d010e20c4a1488f4224b03412a4438a699db2a3de11019e486c8e656f86b0b79bf022
  languageName: node
  linkType: hard

"safe-buffer@npm:5.1.2, safe-buffer@npm:^5.0.1, safe-buffer@npm:^5.1.2":
  version: 5.1.2
  resolution: "safe-buffer@npm:5.1.2"
  checksum: 2708587c1b5e70a5e420714ceb59f30f5791c6e831d39812125a008eca63a4ac18578abd020a0776ea497ff03b4543f2b2a223a7b9073bf2d6c7af9ec6829218
  languageName: node
  linkType: hard

"safer-buffer@npm:>= 2.1.2 < 3, safer-buffer@npm:^2.0.2, safer-buffer@npm:^2.1.0, safer-buffer@npm:~2.1.0":
  version: 2.1.2
  resolution: "safer-buffer@npm:2.1.2"
  checksum: 549ba83f5b314b59898efe3422120ce1ca7987a6eae5925a5fa5db930dc414d4a9dde0a5594f89638cd6ea60b6840ea961872908933ac2428d1726489db46fa5
  languageName: node
  linkType: hard

"saxes@npm:^5.0.1":
  version: 5.0.1
  resolution: "saxes@npm:5.0.1"
  dependencies:
    xmlchars: ^2.2.0
  checksum: 6ad14be68da9b84af0fa3de346fd78bd3a8e8a73a462e2852279a1fff1e2619988919294001abe3ecef3783f9498962a0619d960ccca4ec2ca914526fde1acc2
  languageName: node
  linkType: hard

"send@npm:0.17.1":
  version: 0.17.1
  resolution: "send@npm:0.17.1"
  dependencies:
    debug: 2.6.9
    depd: ~1.1.2
    destroy: ~1.0.4
    encodeurl: ~1.0.2
    escape-html: ~1.0.3
    etag: ~1.8.1
    fresh: 0.5.2
    http-errors: ~1.7.2
    mime: 1.6.0
    ms: 2.1.1
    on-finished: ~2.3.0
    range-parser: ~1.2.1
    statuses: ~1.5.0
  checksum: 58e4ab2e07e8dfb206ca954a9b85f4e367aba0e4d59ce4c9c96a82034385b67f25d33ad526fdb69d635744bbe4d8afea06e2c0348d7d32920e3489d86dc3ec6f
  languageName: node
  linkType: hard

"serve-static@npm:1.14.1":
  version: 1.14.1
  resolution: "serve-static@npm:1.14.1"
  dependencies:
    encodeurl: ~1.0.2
    escape-html: ~1.0.3
    parseurl: ~1.3.3
    send: 0.17.1
  checksum: 97e8c94ec02950d019000ca12a8e0b4fdeaaabb7ae965c1c05557b55b48114716ae92688972a8d9f06a5e2d5957c305253a859ec223bb39a1e0732366d0e2768
  languageName: node
  linkType: hard

"setprototypeof@npm:1.1.1":
  version: 1.1.1
  resolution: "setprototypeof@npm:1.1.1"
  checksum: 0efed4da5aec7535828ac07c3b560f0a54257a4a7d5390ffabe5530a083974aef577651507974215edb92a51efa142f22fb3242e24d630ba6adcbfc9e7f1ff2b
  languageName: node
  linkType: hard

"side-channel@npm:^1.0.4":
  version: 1.0.4
  resolution: "side-channel@npm:1.0.4"
  dependencies:
    call-bind: ^1.0.0
    get-intrinsic: ^1.0.2
    object-inspect: ^1.9.0
  checksum: 84258ce3edb1ad35810ca17eccd52fd504b5d4da59447a6829cfd1ae8e3cff97b7df2a14f9a45b7aaa3b507ded95626cf20a500735d3b797e9ffb1eba3cfa9e7
  languageName: node
  linkType: hard

"source-map@npm:~0.6.1":
  version: 0.6.1
  resolution: "source-map@npm:0.6.1"
  checksum: 8647829a0611724114022be455ca1c8a2c8ae61df81c5b3667d9b398207226a1e21174fb7bbf0b4dbeb27ac358222afb5a14f1c74a62a62b8883b012e5eb1270
  languageName: node
  linkType: hard

"sshpk@npm:^1.7.0":
  version: 1.16.1
  resolution: "sshpk@npm:1.16.1"
  dependencies:
    asn1: ~0.2.3
    assert-plus: ^1.0.0
    bcrypt-pbkdf: ^1.0.0
    dashdash: ^1.12.0
    ecc-jsbn: ~0.1.1
    getpass: ^0.1.1
    jsbn: ~0.1.0
    safer-buffer: ^2.0.2
    tweetnacl: ~0.14.0
  bin:
    sshpk-conv: bin/sshpk-conv
    sshpk-sign: bin/sshpk-sign
    sshpk-verify: bin/sshpk-verify
  checksum: 4bd7422634ec3730404186179e5d9ba913accc64449f18d594b3a757a3b81000719adc94cf0c93a7b3da42487ae42404a1f37bfaa7908a60743d4478382b9d78
  languageName: node
  linkType: hard

"statuses@npm:>= 1.5.0 < 2, statuses@npm:~1.5.0":
  version: 1.5.0
  resolution: "statuses@npm:1.5.0"
  checksum: 57735269bf231176a60deb80f6d60214cb4a87663b0937e79497afe9aebe2597f8377fd28893f4d1776205f18dd0b927774a26b72051411ac5108e9e2dfc77d2
  languageName: node
  linkType: hard

"stealthy-require@npm:^1.1.1":
  version: 1.1.1
  resolution: "stealthy-require@npm:1.1.1"
  checksum: f24a9bc613817dea37afcbf64578f2ba0195916d906ebdaa1c1d5b8e9d51fd462cbf4c61ae04217babd0cf662e6c0115fd972dffa8e62a7f6f44f3109fb4c796
  languageName: node
  linkType: hard

"symbol-tree@npm:^3.2.4":
  version: 3.2.4
  resolution: "symbol-tree@npm:3.2.4"
  checksum: 0b9af4e5f005f9f0b9c916d91a1b654422ffa49ef09c5c4b6efa7a778f63976be9f410e57db1e9ea7576eea0631a34b69a5622674aa92a60a896ccf2afca87a7
  languageName: node
  linkType: hard

"toidentifier@npm:1.0.0":
  version: 1.0.0
  resolution: "toidentifier@npm:1.0.0"
  checksum: 95720e8a0f98f1525f50ccbecbc2a23f0a1b4e448de03819dbbeda03adf0d2010fe64525fbc9d549765242550d341bb891672e4ac0b2cac58613cdd742324255
  languageName: node
  linkType: hard

"tough-cookie@npm:^2.3.3, tough-cookie@npm:~2.5.0":
  version: 2.5.0
  resolution: "tough-cookie@npm:2.5.0"
  dependencies:
    psl: ^1.1.28
    punycode: ^2.1.1
  checksum: bf5d6fac5ce0bebc5876cb9b9a79d3d9ea21c9e4099f3d3e64701d6ba170a052cb88cece6737ec2473bac4f0a4f6c75d46ec17985be8587c6bbdd38d91625cb4
  languageName: node
  linkType: hard

"tough-cookie@npm:^4.0.0":
  version: 4.0.0
  resolution: "tough-cookie@npm:4.0.0"
  dependencies:
    psl: ^1.1.33
    punycode: ^2.1.1
    universalify: ^0.1.2
  checksum: 161dc4728e2801c1bd3b32d4d14abd2762120d9ed0b96d892720440aa04ed0ad6c425c38195265c74366fe01d8aaf1cc0a31636cb18b82c9b6ce630743210235
  languageName: node
  linkType: hard

"tr46@npm:^2.0.2":
  version: 2.0.2
  resolution: "tr46@npm:2.0.2"
  dependencies:
    punycode: ^2.1.1
  checksum: c8c221907944e8b577c4fff14d180a213c21a29b54a12a031aa6986cbb711a5d470588b556a7be9c7844f09142e12deef6b76fe10f6bd4d274b54f1a7e0aac9e
  languageName: node
  linkType: hard

"tunnel-agent@npm:^0.6.0":
  version: 0.6.0
  resolution: "tunnel-agent@npm:0.6.0"
  dependencies:
    safe-buffer: ^5.0.1
  checksum: 03db75a4f994fee610d3485c492e95105ed265a9fecd49d14c98e9982f973ecc0220d0c1bc264e37802e423a1274bb63788a873e4e07009408ae3ac517347fd7
  languageName: node
  linkType: hard

"tweetnacl@npm:^0.14.3, tweetnacl@npm:~0.14.0":
  version: 0.14.5
  resolution: "tweetnacl@npm:0.14.5"
  checksum: e1c9d52e2e9f582fd0df9ea26ba5a9ab88b9a38b69625d8e55c5e8870a4832ac8c32f8854b41fce7b59f97258bb103535363f9eda7050aa70e75824b972c7dde
  languageName: node
  linkType: hard

"type-check@npm:~0.3.2":
  version: 0.3.2
  resolution: "type-check@npm:0.3.2"
  dependencies:
    prelude-ls: ~1.1.2
  checksum: 4e080645319c12bb78119f7e8bb333cab8dacad2c1988597aabf44da985ad36fce3419707e93ed0fc84514b7eec94e4d8817e33d0aab8c81de394916e00d6806
  languageName: node
  linkType: hard

"type-is@npm:~1.6.17, type-is@npm:~1.6.18":
  version: 1.6.18
  resolution: "type-is@npm:1.6.18"
  dependencies:
    media-typer: 0.3.0
    mime-types: ~2.1.24
  checksum: 20a3514f1d835c979237995129d1f8c564325301e3a8f1c732bcbe1d7fa0ca1f65994e41a79e9030d79f31e5459bb9be5c377848fcb477cb3049a661b3713d74
  languageName: node
  linkType: hard

"universalify@npm:^0.1.2":
  version: 0.1.2
  resolution: "universalify@npm:0.1.2"
  checksum: 420fc6547357782c700d53e9a92506a8e95345b13e97684c8f9ab75237912ec2ebb6af8ac10d4f7406b7b6bd21c58f6c5c0811414fb0b4091b78b4743fa6806e
  languageName: node
  linkType: hard

"unpipe@npm:1.0.0, unpipe@npm:~1.0.0":
  version: 1.0.0
  resolution: "unpipe@npm:1.0.0"
  checksum: ba244e8bf640475b2143af95be5d71353cd4d238d63abf5dfe700c67841f066eb0819fc60dee7f2348ef647a5644a06ba024b9a0ab6d399fc07a05eb72a30ac7
  languageName: node
  linkType: hard

"uri-js@npm:^4.2.2":
  version: 4.2.2
  resolution: "uri-js@npm:4.2.2"
  dependencies:
    punycode: ^2.1.0
  checksum: 651a49f55d6d65a15e589ed5ffa23bf99e495699e246c1c3fecbe6f232c675589fdae4e93a88608525ff130f39b6fb854c19982820813a2d94c005c11eafd7ed
  languageName: node
  linkType: hard

"utils-merge@npm:1.0.1":
  version: 1.0.1
  resolution: "utils-merge@npm:1.0.1"
  checksum: a457956ebc09efbda05da8bf213ab89140bb9dffa3c42b3315dd8fc3c45d67a1b802741f58b7bba4872113201fc275fc86470289d8bd32b74297b5e5b5980705
  languageName: node
  linkType: hard

"uuid@npm:^3.3.2":
  version: 3.4.0
  resolution: "uuid@npm:3.4.0"
  bin:
    uuid: ./bin/uuid
  checksum: 1ce3f37e214d6d0dc94a6a9663a0365013ace66bc3fd5b203e6f5d2eeb978aaee1192367222386345d30b4c6a447928c501121aa84c637724bf105ef57284949
  languageName: node
  linkType: hard

"vary@npm:~1.1.2":
  version: 1.1.2
  resolution: "vary@npm:1.1.2"
  checksum: 591f059f727ac1ba0d97cb7767f8583a03fcbb07db7be2b7dce838ede520ec0e958a41cb19077054769077fdc49a9b9a2dc391c83426bfee89c054b8cc7404bf
  languageName: node
  linkType: hard

"verror@npm:1.10.0":
  version: 1.10.0
  resolution: "verror@npm:1.10.0"
  dependencies:
    assert-plus: ^1.0.0
    core-util-is: 1.0.2
    extsprintf: ^1.2.0
  checksum: 38ea80312cb42e5e8b4ac562d108d675b2354a79f8f125d363671f692657461b9181fd26f4fc9acdca433f8afee099cb78058806e1303e6b15b8fb022affba94
  languageName: node
  linkType: hard

"w3c-hr-time@npm:^1.0.2":
  version: 1.0.2
  resolution: "w3c-hr-time@npm:1.0.2"
  dependencies:
    browser-process-hrtime: ^1.0.0
  checksum: bb021b4c4b15acc26a7b0de5b6f4c02d829b458345af162713685e84698380fabffc7856f4a85ba368f23c8419d3a7a726b628b993ffeb0d5a83d0d57d4cbf72
  languageName: node
  linkType: hard

"w3c-xmlserializer@npm:^2.0.0":
  version: 2.0.0
  resolution: "w3c-xmlserializer@npm:2.0.0"
  dependencies:
    xml-name-validator: ^3.0.0
  checksum: 2327c8a6c7302ed4b685125c193f4b4b859ee12cd6e1938407a02dda9cfcfff7f0c103de387b268444c4b61d7892d5260b5c684eb7519886fb3a07798bd565ba
  languageName: node
  linkType: hard

"webidl-conversions@npm:^5.0.0":
  version: 5.0.0
  resolution: "webidl-conversions@npm:5.0.0"
  checksum: af4e465fb3111f45930e48f8e4206d6ae41675f03f35d6dfa10b2d7186430236ef1b406d8c3e57f75c8a60e424ca715c9fe6b6b2316a1b999ecffe8280414dff
  languageName: node
  linkType: hard

"webidl-conversions@npm:^6.1.0":
  version: 6.1.0
  resolution: "webidl-conversions@npm:6.1.0"
  checksum: 0ded175044ec0a06f41014b9ffc36a67eb22bff53b9cb43fa1e9d05eaded43a100d993a8179d3a9f0f820ff1e5b812107a97c8643b600a6ab5bef1e11fcae66b
  languageName: node
  linkType: hard

"whatwg-encoding@npm:^1.0.5":
  version: 1.0.5
  resolution: "whatwg-encoding@npm:1.0.5"
  dependencies:
    iconv-lite: 0.4.24
  checksum: 44e4276ad2c770d1eb8c5a49294b863c581ef4bc78a10ac6a73a7eba00b377bc53ae0501d7ffce29a2c051b6af5ebbbd135f1da7d8eb98097af2cf12f7b2c984
  languageName: node
  linkType: hard

"whatwg-mimetype@npm:^2.3.0":
  version: 2.3.0
  resolution: "whatwg-mimetype@npm:2.3.0"
  checksum: 926e6ef8c7e53d158e501ce5e3c0e491d343c3c97e71b3d30451ffe4b1d6f81844c336b46a446a0b4f3fe4f327d76e3451d53ee8055344a0f5f2f35b84518011
  languageName: node
  linkType: hard

"whatwg-url@npm:^8.0.0":
  version: 8.1.0
  resolution: "whatwg-url@npm:8.1.0"
  dependencies:
    lodash.sortby: ^4.7.0
    tr46: ^2.0.2
    webidl-conversions: ^5.0.0
  checksum: 1cc612b2733d71bd9db47537836440aac8ce016e57d33d4f1e5f5cfb6952fccca9085507812f4374920a6835f09125ee359e41ce550b7ca83b9f560a544c14b8
  languageName: node
  linkType: hard

"whatwg-url@npm:^8.5.0":
  version: 8.5.0
  resolution: "whatwg-url@npm:8.5.0"
  dependencies:
    lodash: ^4.7.0
    tr46: ^2.0.2
    webidl-conversions: ^6.1.0
  checksum: a070c4be45bd09e9f1593d678e798fb66cd2cbccd2a604a7453063c68ab4bb80b4a9e2a0a80562264e5963eb589311c6467599fdac9fb6a4112cd786397920e4
  languageName: node
  linkType: hard

"word-wrap@npm:~1.2.3":
  version: 1.2.3
  resolution: "word-wrap@npm:1.2.3"
  checksum: 6526abd75d4409c76d1989cf2fbf6080b903db29824be3d17d0a0b8f6221486c76a021174eda2616cf311199787983c34bae3c5e7b51d2ad7476f2066cddb75a
  languageName: node
  linkType: hard

"ws@npm:^7.4.4":
  version: 7.4.4
  resolution: "ws@npm:7.4.4"
  peerDependencies:
    bufferutil: ^4.0.1
    utf-8-validate: ^5.0.2
  peerDependenciesMeta:
    bufferutil:
      optional: true
    utf-8-validate:
      optional: true
  checksum: ad08761ed753cdd3f7172e9a9efc7d74e7e196623cace2380e5f74ff0abd16196e03223bd4148a34278dcbc653ee3841994635419281cbf303b3f22c589e2ec4
  languageName: node
  linkType: hard

"xml-name-validator@npm:^3.0.0":
  version: 3.0.0
  resolution: "xml-name-validator@npm:3.0.0"
  checksum: b96679a42e6be36d2433987fe3cc45e972d20d7c2c2a787a2d6b2da94392bd9f23f671cdba29a91211289a2fa8e6965e466dbc1105d0e5730fc3a43e4f1a0688
  languageName: node
  linkType: hard

"xmlchars@npm:^2.2.0":
  version: 2.2.0
  resolution: "xmlchars@npm:2.2.0"
  checksum: 69bbb61e8d939873c8aa7d006d082944de2eb6f12f55e53fdfc670d544e677736b59e498ece303f264bd1dc39b77557eef1c1c9bfb09eb5e1e30ac552420d81e
  languageName: node
  linkType: hard
